
Microsoft Visual Studio Solution File, Format Version 12.00
# Visual Studio Version 17
VisualStudioVersion = 17.8.34322.80
MinimumVisualStudioVersion = 10.0.40219.1
Project("{2150E333-8FDC-42A3-9474-1A3956D46DE8}") = "src", "src", "{0D8E5BFC-92B5-48C0-92A4-D910689D1653}"
EndProject
Project("{2150E333-8FDC-42A3-9474-1A3956D46DE8}") = "Framework", "Framework", "{D110B0B0-A01D-418B-A806-04E54B352796}"
EndProject
Project("{2150E333-8FDC-42A3-9474-1A3956D46DE8}") = "Service", "Service", "{987A88E5-8702-49D4-8F49-1CFAA9391A15}"
EndProject
Project("{2150E333-8FDC-42A3-9474-1A3956D46DE8}") = "Planes", "Planes", "{DB849CA7-B94E-4F46-97F2-F86B35F25353}"
EndProject
Project("{2150E333-8FDC-42A3-9474-1A3956D46DE8}") = "Flights", "Flights", "{1BCD4809-E5D0-4820-83E3-E94D17AD1D15}"
EndProject
Project("{2150E333-8FDC-42A3-9474-1A3956D46DE8}") = "Users", "Users", "{DC5EA735-121F-4E53-95BC-41A68798E93B}"
EndProject
Project("{2150E333-8FDC-42A3-9474-1A3956D46DE8}") = "Reservations", "Reservations", "{93753A5A-6BDD-4D1C-8AF4-5744AD74829C}"
EndProject
Project("{2150E333-8FDC-42A3-9474-1A3956D46DE8}") = "Tests", "Tests", "{C82437A5-F791-4DC5-81CD-77971DC6C4DF}"
EndProject
Project("{2150E333-8FDC-42A3-9474-1A3956D46DE8}") = "Users", "Users", "{D2B8ED61-844B-46FE-B7AE-415AC2F774D2}"
EndProject
Project("{2150E333-8FDC-42A3-9474-1A3956D46DE8}") = "Planes", "Planes", "{DB3C3FD6-4108-4F10-B57B-04177F1734DD}"
EndProject
Project("{2150E333-8FDC-42A3-9474-1A3956D46DE8}") = "Flights", "Flights", "{A05E21AA-E8FF-45CB-9F16-9190F838FE38}"
EndProject
Project("{2150E333-8FDC-42A3-9474-1A3956D46DE8}") = "Availability", "Availability", "{1536DA08-DCD0-449D-8B20-B46D3F18F924}"
EndProject
Project("{2150E333-8FDC-42A3-9474-1A3956D46DE8}") = "Reservations", "Reservations", "{6B6C91D0-2BAF-4430-BD19-AAE466B53A0A}"
EndProject
Project("{FAE04EC0-301F-11D3-BF4B-00C04F79EFBC}") = "Flights.Api", "src\Service\Flights\Flights.Api\Flights.Api.csproj", "{F2CF41E7-CB12-45E5-B0BE-AEB66361F268}"
EndProject
Project("{FAE04EC0-301F-11D3-BF4B-00C04F79EFBC}") = "Flights.Core", "src\Service\Flights\Flights.Core\Flights.Core.csproj", "{AE8C2C59-C08D-4774-BDA3-9B6A51E6E82F}"
EndProject
Project("{FAE04EC0-301F-11D3-BF4B-00C04F79EFBC}") = "Flights.Infrastructure", "src\Service\Flights\Flights.Infrastructure\Flights.Infrastructure.csproj", "{A2C4DD59-DB38-4E55-892E-87CF58E671C7}"
EndProject
Project("{FAE04EC0-301F-11D3-BF4B-00C04F79EFBC}") = "Planes.App", "src\Service\Planes\Planes.App\Planes.App.csproj", "{BB7CCAC5-F747-4B3D-871F-2BDA202D74B4}"
EndProject
Project("{FAE04EC0-301F-11D3-BF4B-00C04F79EFBC}") = "Planes.Core", "src\Service\Planes\Planes.Core\Planes.Core.csproj", "{8A9E62EB-4A5E-4197-97B9-829C403A13F2}"
EndProject
Project("{FAE04EC0-301F-11D3-BF4B-00C04F79EFBC}") = "Planes.Infrastructure", "src\Service\Planes\Planes.Infrastructure\Planes.Infrastructure.csproj", "{8E9B1D49-1EE7-490E-9C3F-F8DB3460466D}"
EndProject
Project("{FAE04EC0-301F-11D3-BF4B-00C04F79EFBC}") = "Reservations.Api", "src\Service\Reservations\Reservations.Api\Reservations.Api.csproj", "{42ABBBAB-6203-4D7F-B6C6-5048F59D93C8}"
EndProject
Project("{FAE04EC0-301F-11D3-BF4B-00C04F79EFBC}") = "Reservations.App", "src\Service\Reservations\Reservations.App\Reservations.App.csproj", "{EFC9318F-8F6F-493B-942C-79F675EB91C2}"
EndProject
Project("{FAE04EC0-301F-11D3-BF4B-00C04F79EFBC}") = "Reservations.Core", "src\Service\Reservations\Reservations.Core\Reservations.Core.csproj", "{4DDBBA19-BFEE-4883-B900-721B2D19E9EF}"
EndProject
Project("{FAE04EC0-301F-11D3-BF4B-00C04F79EFBC}") = "Reservations.Infrastructure", "src\Service\Reservations\Reservations.Infrastructure\Reservations.Infrastructure.csproj", "{B46DC900-AE8B-4695-815A-ED21A33BF9CF}"
EndProject
Project("{FAE04EC0-301F-11D3-BF4B-00C04F79EFBC}") = "Users.Api", "src\Service\Users\Users.Api\Users.Api.csproj", "{C5ED1D69-DCC7-4A7D-9CEA-30352F4D5010}"
EndProject
Project("{FAE04EC0-301F-11D3-BF4B-00C04F79EFBC}") = "Users.App", "src\Service\Users\Users.App\Users.App.csproj", "{B5438581-89FE-4F43-A646-DD71104716F6}"
EndProject
Project("{FAE04EC0-301F-11D3-BF4B-00C04F79EFBC}") = "Users.Core", "src\Service\Users\Users.Core\Users.Core.csproj", "{FB8A82D6-E5E8-420B-AA26-2F018F884696}"
EndProject
Project("{FAE04EC0-301F-11D3-BF4B-00C04F79EFBC}") = "Users.Infrastructure", "src\Service\Users\Users.Infrastructure\Users.Infrastructure.csproj", "{2DE3FB80-131C-4B2A-9966-78C40DDC4229}"
EndProject
Project("{FAE04EC0-301F-11D3-BF4B-00C04F79EFBC}") = "Funfair.Messaging.AzureServiceBus", "src\Framework\Funfair.Messaging.AzureServiceBus\Funfair.Messaging.AzureServiceBus.csproj", "{91B62D11-02C6-4614-97C2-8802935851A1}"
EndProject
Project("{FAE04EC0-301F-11D3-BF4B-00C04F79EFBC}") = "Funfair.Auth", "src\Framework\Funfair.Auth\Funfair.Auth.csproj", "{0F66029D-0DB5-4533-A9A0-9139F9BCF7B5}"
EndProject
Project("{FAE04EC0-301F-11D3-BF4B-00C04F79EFBC}") = "Funfair.KeyVault", "src\Framework\Funfair.KeyVault\Funfair.KeyVault.csproj", "{F3E4D908-3A44-41A7-ADB5-51668784CB87}"
EndProject
Project("{FAE04EC0-301F-11D3-BF4B-00C04F79EFBC}") = "Funfair.App.Tests", "src\Tests\Funfair.App.Tests\Funfair.App.Tests.csproj", "{90B8AC9E-A172-4C17-93E5-DAAFD1773D19}"
EndProject
Project("{FAE04EC0-301F-11D3-BF4B-00C04F79EFBC}") = "Funfair.Core.Tests", "src\Tests\Funfair.Core.Tests\Funfair.Core.Tests.csproj", "{53E66C52-2FE7-4185-8625-CE0C41DE6F2C}"
EndProject
Project("{FAE04EC0-301F-11D3-BF4B-00C04F79EFBC}") = "Funfair.Logging", "src\Framework\Funfair.Logging\Funfair.Logging.csproj", "{BC7093A1-5ABF-4C5C-B527-2B0B2E70B21C}"
EndProject
Project("{FAE04EC0-301F-11D3-BF4B-00C04F79EFBC}") = "Funfair.Shared", "src\Framework\Funfair.Shared\Funfair.Shared.csproj", "{AE8F9328-9C25-4BD4-8E9F-6009A95D9BE1}"
EndProject
Project("{FAE04EC0-301F-11D3-BF4B-00C04F79EFBC}") = "Funfair.Dal.CosmosDb", "src\Framework\Funfair.Dal.CosmosDb\Funfair.Dal.CosmosDb\Funfair.Dal.CosmosDb.csproj", "{B34119E2-DAF4-44C8-8C43-07B991F68B4E}"
EndProject
Project("{FAE04EC0-301F-11D3-BF4B-00C04F79EFBC}") = "Funfair.Messaging.EventHubs", "src\Framework\Funfair.Messaging.EventHubs\Funfair.Messaging.EventHubs.csproj", "{F0E7D81C-485E-448C-8EDA-B6BA639E9B2D}"
EndProject
Project("{2150E333-8FDC-42A3-9474-1A3956D46DE8}") = "Functions", "Functions", "{524E23E8-1FEF-4863-BD12-861820ECCABD}"
EndProject
Project("{FAE04EC0-301F-11D3-BF4B-00C04F79EFBC}") = "Funfair.App.Plane", "src\Tests\Funfair.App.Plane\Funfair.App.Plane\Funfair.App.Plane.csproj", "{19D152AA-DDC8-46DF-838C-27AF79A428CB}"
EndProject
Project("{FAE04EC0-301F-11D3-BF4B-00C04F79EFBC}") = "Funfair.Core.Tests.Plane", "src\Tests\Funfair.Core.Tests.Plane\Funfair.Core.Tests.Plane\Funfair.Core.Tests.Plane.csproj", "{233B8E19-E0C5-4D3D-80F6-B4F52F75DE59}"
EndProject
Project("{FAE04EC0-301F-11D3-BF4B-00C04F79EFBC}") = "Planes.Api", "src\Service\Planes\Planes.Api\Planes.Api.csproj", "{1DD9AD8C-E9E3-43B8-AA35-48AB813C4F03}"
EndProject
Global
	GlobalSection(SolutionConfigurationPlatforms) = preSolution
		Debug|Any CPU = Debug|Any CPU
		Release|Any CPU = Release|Any CPU
	EndGlobalSection
	GlobalSection(ProjectConfigurationPlatforms) = postSolution
		{F2CF41E7-CB12-45E5-B0BE-AEB66361F268}.Debug|Any CPU.ActiveCfg = Debug|Any CPU
		{F2CF41E7-CB12-45E5-B0BE-AEB66361F268}.Debug|Any CPU.Build.0 = Debug|Any CPU
		{F2CF41E7-CB12-45E5-B0BE-AEB66361F268}.Release|Any CPU.ActiveCfg = Release|Any CPU
		{F2CF41E7-CB12-45E5-B0BE-AEB66361F268}.Release|Any CPU.Build.0 = Release|Any CPU
		{AE8C2C59-C08D-4774-BDA3-9B6A51E6E82F}.Debug|Any CPU.ActiveCfg = Debug|Any CPU
		{AE8C2C59-C08D-4774-BDA3-9B6A51E6E82F}.Debug|Any CPU.Build.0 = Debug|Any CPU
		{AE8C2C59-C08D-4774-BDA3-9B6A51E6E82F}.Release|Any CPU.ActiveCfg = Release|Any CPU
		{AE8C2C59-C08D-4774-BDA3-9B6A51E6E82F}.Release|Any CPU.Build.0 = Release|Any CPU
		{A2C4DD59-DB38-4E55-892E-87CF58E671C7}.Debug|Any CPU.ActiveCfg = Debug|Any CPU
		{A2C4DD59-DB38-4E55-892E-87CF58E671C7}.Debug|Any CPU.Build.0 = Debug|Any CPU
		{A2C4DD59-DB38-4E55-892E-87CF58E671C7}.Release|Any CPU.ActiveCfg = Release|Any CPU
		{A2C4DD59-DB38-4E55-892E-87CF58E671C7}.Release|Any CPU.Build.0 = Release|Any CPU
		{BB7CCAC5-F747-4B3D-871F-2BDA202D74B4}.Debug|Any CPU.ActiveCfg = Debug|Any CPU
		{BB7CCAC5-F747-4B3D-871F-2BDA202D74B4}.Debug|Any CPU.Build.0 = Debug|Any CPU
		{BB7CCAC5-F747-4B3D-871F-2BDA202D74B4}.Release|Any CPU.ActiveCfg = Release|Any CPU
		{BB7CCAC5-F747-4B3D-871F-2BDA202D74B4}.Release|Any CPU.Build.0 = Release|Any CPU
		{8A9E62EB-4A5E-4197-97B9-829C403A13F2}.Debug|Any CPU.ActiveCfg = Debug|Any CPU
		{8A9E62EB-4A5E-4197-97B9-829C403A13F2}.Debug|Any CPU.Build.0 = Debug|Any CPU
		{8A9E62EB-4A5E-4197-97B9-829C403A13F2}.Release|Any CPU.ActiveCfg = Release|Any CPU
		{8A9E62EB-4A5E-4197-97B9-829C403A13F2}.Release|Any CPU.Build.0 = Release|Any CPU
		{8E9B1D49-1EE7-490E-9C3F-F8DB3460466D}.Debug|Any CPU.ActiveCfg = Debug|Any CPU
		{8E9B1D49-1EE7-490E-9C3F-F8DB3460466D}.Debug|Any CPU.Build.0 = Debug|Any CPU
		{8E9B1D49-1EE7-490E-9C3F-F8DB3460466D}.Release|Any CPU.ActiveCfg = Release|Any CPU
		{8E9B1D49-1EE7-490E-9C3F-F8DB3460466D}.Release|Any CPU.Build.0 = Release|Any CPU
		{42ABBBAB-6203-4D7F-B6C6-5048F59D93C8}.Debug|Any CPU.ActiveCfg = Debug|Any CPU
		{42ABBBAB-6203-4D7F-B6C6-5048F59D93C8}.Debug|Any CPU.Build.0 = Debug|Any CPU
		{42ABBBAB-6203-4D7F-B6C6-5048F59D93C8}.Release|Any CPU.ActiveCfg = Release|Any CPU
		{42ABBBAB-6203-4D7F-B6C6-5048F59D93C8}.Release|Any CPU.Build.0 = Release|Any CPU
		{EFC9318F-8F6F-493B-942C-79F675EB91C2}.Debug|Any CPU.ActiveCfg = Debug|Any CPU
		{EFC9318F-8F6F-493B-942C-79F675EB91C2}.Debug|Any CPU.Build.0 = Debug|Any CPU
		{EFC9318F-8F6F-493B-942C-79F675EB91C2}.Release|Any CPU.ActiveCfg = Release|Any CPU
		{EFC9318F-8F6F-493B-942C-79F675EB91C2}.Release|Any CPU.Build.0 = Release|Any CPU
		{4DDBBA19-BFEE-4883-B900-721B2D19E9EF}.Debug|Any CPU.ActiveCfg = Debug|Any CPU
		{4DDBBA19-BFEE-4883-B900-721B2D19E9EF}.Debug|Any CPU.Build.0 = Debug|Any CPU
		{4DDBBA19-BFEE-4883-B900-721B2D19E9EF}.Release|Any CPU.ActiveCfg = Release|Any CPU
		{4DDBBA19-BFEE-4883-B900-721B2D19E9EF}.Release|Any CPU.Build.0 = Release|Any CPU
		{B46DC900-AE8B-4695-815A-ED21A33BF9CF}.Debug|Any CPU.ActiveCfg = Debug|Any CPU
		{B46DC900-AE8B-4695-815A-ED21A33BF9CF}.Debug|Any CPU.Build.0 = Debug|Any CPU
		{B46DC900-AE8B-4695-815A-ED21A33BF9CF}.Release|Any CPU.ActiveCfg = Release|Any CPU
		{B46DC900-AE8B-4695-815A-ED21A33BF9CF}.Release|Any CPU.Build.0 = Release|Any CPU
		{C5ED1D69-DCC7-4A7D-9CEA-30352F4D5010}.Debug|Any CPU.ActiveCfg = Debug|Any CPU
		{C5ED1D69-DCC7-4A7D-9CEA-30352F4D5010}.Debug|Any CPU.Build.0 = Debug|Any CPU
		{C5ED1D69-DCC7-4A7D-9CEA-30352F4D5010}.Release|Any CPU.ActiveCfg = Release|Any CPU
		{C5ED1D69-DCC7-4A7D-9CEA-30352F4D5010}.Release|Any CPU.Build.0 = Release|Any CPU
		{B5438581-89FE-4F43-A646-DD71104716F6}.Debug|Any CPU.ActiveCfg = Debug|Any CPU
		{B5438581-89FE-4F43-A646-DD71104716F6}.Debug|Any CPU.Build.0 = Debug|Any CPU
		{B5438581-89FE-4F43-A646-DD71104716F6}.Release|Any CPU.ActiveCfg = Release|Any CPU
		{B5438581-89FE-4F43-A646-DD71104716F6}.Release|Any CPU.Build.0 = Release|Any CPU
		{FB8A82D6-E5E8-420B-AA26-2F018F884696}.Debug|Any CPU.ActiveCfg = Debug|Any CPU
		{FB8A82D6-E5E8-420B-AA26-2F018F884696}.Debug|Any CPU.Build.0 = Debug|Any CPU
		{FB8A82D6-E5E8-420B-AA26-2F018F884696}.Release|Any CPU.ActiveCfg = Release|Any CPU
		{FB8A82D6-E5E8-420B-AA26-2F018F884696}.Release|Any CPU.Build.0 = Release|Any CPU
		{2DE3FB80-131C-4B2A-9966-78C40DDC4229}.Debug|Any CPU.ActiveCfg = Debug|Any CPU
		{2DE3FB80-131C-4B2A-9966-78C40DDC4229}.Debug|Any CPU.Build.0 = Debug|Any CPU
		{2DE3FB80-131C-4B2A-9966-78C40DDC4229}.Release|Any CPU.ActiveCfg = Release|Any CPU
		{2DE3FB80-131C-4B2A-9966-78C40DDC4229}.Release|Any CPU.Build.0 = Release|Any CPU
		{91B62D11-02C6-4614-97C2-8802935851A1}.Debug|Any CPU.ActiveCfg = Debug|Any CPU
		{91B62D11-02C6-4614-97C2-8802935851A1}.Debug|Any CPU.Build.0 = Debug|Any CPU
		{91B62D11-02C6-4614-97C2-8802935851A1}.Release|Any CPU.ActiveCfg = Release|Any CPU
		{91B62D11-02C6-4614-97C2-8802935851A1}.Release|Any CPU.Build.0 = Release|Any CPU
		{0F66029D-0DB5-4533-A9A0-9139F9BCF7B5}.Debug|Any CPU.ActiveCfg = Debug|Any CPU
		{0F66029D-0DB5-4533-A9A0-9139F9BCF7B5}.Debug|Any CPU.Build.0 = Debug|Any CPU
		{0F66029D-0DB5-4533-A9A0-9139F9BCF7B5}.Release|Any CPU.ActiveCfg = Release|Any CPU
		{0F66029D-0DB5-4533-A9A0-9139F9BCF7B5}.Release|Any CPU.Build.0 = Release|Any CPU
		{F3E4D908-3A44-41A7-ADB5-51668784CB87}.Debug|Any CPU.ActiveCfg = Debug|Any CPU
		{F3E4D908-3A44-41A7-ADB5-51668784CB87}.Debug|Any CPU.Build.0 = Debug|Any CPU
		{F3E4D908-3A44-41A7-ADB5-51668784CB87}.Release|Any CPU.ActiveCfg = Release|Any CPU
		{F3E4D908-3A44-41A7-ADB5-51668784CB87}.Release|Any CPU.Build.0 = Release|Any CPU
		{90B8AC9E-A172-4C17-93E5-DAAFD1773D19}.Debug|Any CPU.ActiveCfg = Debug|Any CPU
		{90B8AC9E-A172-4C17-93E5-DAAFD1773D19}.Debug|Any CPU.Build.0 = Debug|Any CPU
		{90B8AC9E-A172-4C17-93E5-DAAFD1773D19}.Release|Any CPU.ActiveCfg = Release|Any CPU
		{90B8AC9E-A172-4C17-93E5-DAAFD1773D19}.Release|Any CPU.Build.0 = Release|Any CPU
		{53E66C52-2FE7-4185-8625-CE0C41DE6F2C}.Debug|Any CPU.ActiveCfg = Debug|Any CPU
		{53E66C52-2FE7-4185-8625-CE0C41DE6F2C}.Debug|Any CPU.Build.0 = Debug|Any CPU
		{53E66C52-2FE7-4185-8625-CE0C41DE6F2C}.Release|Any CPU.ActiveCfg = Release|Any CPU
		{53E66C52-2FE7-4185-8625-CE0C41DE6F2C}.Release|Any CPU.Build.0 = Release|Any CPU
		{BC7093A1-5ABF-4C5C-B527-2B0B2E70B21C}.Debug|Any CPU.ActiveCfg = Debug|Any CPU
		{BC7093A1-5ABF-4C5C-B527-2B0B2E70B21C}.Debug|Any CPU.Build.0 = Debug|Any CPU
		{BC7093A1-5ABF-4C5C-B527-2B0B2E70B21C}.Release|Any CPU.ActiveCfg = Release|Any CPU
		{BC7093A1-5ABF-4C5C-B527-2B0B2E70B21C}.Release|Any CPU.Build.0 = Release|Any CPU
		{AE8F9328-9C25-4BD4-8E9F-6009A95D9BE1}.Debug|Any CPU.ActiveCfg = Debug|Any CPU
		{AE8F9328-9C25-4BD4-8E9F-6009A95D9BE1}.Debug|Any CPU.Build.0 = Debug|Any CPU
		{AE8F9328-9C25-4BD4-8E9F-6009A95D9BE1}.Release|Any CPU.ActiveCfg = Release|Any CPU
		{AE8F9328-9C25-4BD4-8E9F-6009A95D9BE1}.Release|Any CPU.Build.0 = Release|Any CPU
		{B34119E2-DAF4-44C8-8C43-07B991F68B4E}.Debug|Any CPU.ActiveCfg = Debug|Any CPU
		{B34119E2-DAF4-44C8-8C43-07B991F68B4E}.Debug|Any CPU.Build.0 = Debug|Any CPU
		{B34119E2-DAF4-44C8-8C43-07B991F68B4E}.Release|Any CPU.ActiveCfg = Release|Any CPU
		{B34119E2-DAF4-44C8-8C43-07B991F68B4E}.Release|Any CPU.Build.0 = Release|Any CPU
		{F0E7D81C-485E-448C-8EDA-B6BA639E9B2D}.Debug|Any CPU.ActiveCfg = Debug|Any CPU
		{F0E7D81C-485E-448C-8EDA-B6BA639E9B2D}.Debug|Any CPU.Build.0 = Debug|Any CPU
		{F0E7D81C-485E-448C-8EDA-B6BA639E9B2D}.Release|Any CPU.ActiveCfg = Release|Any CPU
		{F0E7D81C-485E-448C-8EDA-B6BA639E9B2D}.Release|Any CPU.Build.0 = Release|Any CPU
		{19D152AA-DDC8-46DF-838C-27AF79A428CB}.Debug|Any CPU.ActiveCfg = Debug|Any CPU
		{19D152AA-DDC8-46DF-838C-27AF79A428CB}.Debug|Any CPU.Build.0 = Debug|Any CPU
		{19D152AA-DDC8-46DF-838C-27AF79A428CB}.Release|Any CPU.ActiveCfg = Release|Any CPU
		{19D152AA-DDC8-46DF-838C-27AF79A428CB}.Release|Any CPU.Build.0 = Release|Any CPU
		{233B8E19-E0C5-4D3D-80F6-B4F52F75DE59}.Debug|Any CPU.ActiveCfg = Debug|Any CPU
		{233B8E19-E0C5-4D3D-80F6-B4F52F75DE59}.Debug|Any CPU.Build.0 = Debug|Any CPU
		{233B8E19-E0C5-4D3D-80F6-B4F52F75DE59}.Release|Any CPU.ActiveCfg = Release|Any CPU
		{233B8E19-E0C5-4D3D-80F6-B4F52F75DE59}.Release|Any CPU.Build.0 = Release|Any CPU
		{1DD9AD8C-E9E3-43B8-AA35-48AB813C4F03}.Debug|Any CPU.ActiveCfg = Debug|Any CPU
		{1DD9AD8C-E9E3-43B8-AA35-48AB813C4F03}.Debug|Any CPU.Build.0 = Debug|Any CPU
		{1DD9AD8C-E9E3-43B8-AA35-48AB813C4F03}.Release|Any CPU.ActiveCfg = Release|Any CPU
		{1DD9AD8C-E9E3-43B8-AA35-48AB813C4F03}.Release|Any CPU.Build.0 = Release|Any CPU
	EndGlobalSection
	GlobalSection(SolutionProperties) = preSolution
		HideSolutionNode = FALSE
	EndGlobalSection
	GlobalSection(NestedProjects) = preSolution
		{D110B0B0-A01D-418B-A806-04E54B352796} = {0D8E5BFC-92B5-48C0-92A4-D910689D1653}
		{987A88E5-8702-49D4-8F49-1CFAA9391A15} = {0D8E5BFC-92B5-48C0-92A4-D910689D1653}
		{DB849CA7-B94E-4F46-97F2-F86B35F25353} = {987A88E5-8702-49D4-8F49-1CFAA9391A15}
		{1BCD4809-E5D0-4820-83E3-E94D17AD1D15} = {987A88E5-8702-49D4-8F49-1CFAA9391A15}
		{DC5EA735-121F-4E53-95BC-41A68798E93B} = {987A88E5-8702-49D4-8F49-1CFAA9391A15}
		{93753A5A-6BDD-4D1C-8AF4-5744AD74829C} = {987A88E5-8702-49D4-8F49-1CFAA9391A15}
		{C82437A5-F791-4DC5-81CD-77971DC6C4DF} = {0D8E5BFC-92B5-48C0-92A4-D910689D1653}
		{D2B8ED61-844B-46FE-B7AE-415AC2F774D2} = {C82437A5-F791-4DC5-81CD-77971DC6C4DF}
		{DB3C3FD6-4108-4F10-B57B-04177F1734DD} = {C82437A5-F791-4DC5-81CD-77971DC6C4DF}
		{A05E21AA-E8FF-45CB-9F16-9190F838FE38} = {C82437A5-F791-4DC5-81CD-77971DC6C4DF}
		{1536DA08-DCD0-449D-8B20-B46D3F18F924} = {C82437A5-F791-4DC5-81CD-77971DC6C4DF}
		{6B6C91D0-2BAF-4430-BD19-AAE466B53A0A} = {C82437A5-F791-4DC5-81CD-77971DC6C4DF}
		{F2CF41E7-CB12-45E5-B0BE-AEB66361F268} = {1BCD4809-E5D0-4820-83E3-E94D17AD1D15}
		{AE8C2C59-C08D-4774-BDA3-9B6A51E6E82F} = {1BCD4809-E5D0-4820-83E3-E94D17AD1D15}
		{A2C4DD59-DB38-4E55-892E-87CF58E671C7} = {1BCD4809-E5D0-4820-83E3-E94D17AD1D15}
		{BB7CCAC5-F747-4B3D-871F-2BDA202D74B4} = {DB849CA7-B94E-4F46-97F2-F86B35F25353}
		{8A9E62EB-4A5E-4197-97B9-829C403A13F2} = {DB849CA7-B94E-4F46-97F2-F86B35F25353}
		{8E9B1D49-1EE7-490E-9C3F-F8DB3460466D} = {DB849CA7-B94E-4F46-97F2-F86B35F25353}
		{42ABBBAB-6203-4D7F-B6C6-5048F59D93C8} = {93753A5A-6BDD-4D1C-8AF4-5744AD74829C}
		{EFC9318F-8F6F-493B-942C-79F675EB91C2} = {93753A5A-6BDD-4D1C-8AF4-5744AD74829C}
		{4DDBBA19-BFEE-4883-B900-721B2D19E9EF} = {93753A5A-6BDD-4D1C-8AF4-5744AD74829C}
		{B46DC900-AE8B-4695-815A-ED21A33BF9CF} = {93753A5A-6BDD-4D1C-8AF4-5744AD74829C}
		{C5ED1D69-DCC7-4A7D-9CEA-30352F4D5010} = {DC5EA735-121F-4E53-95BC-41A68798E93B}
		{B5438581-89FE-4F43-A646-DD71104716F6} = {DC5EA735-121F-4E53-95BC-41A68798E93B}
		{FB8A82D6-E5E8-420B-AA26-2F018F884696} = {DC5EA735-121F-4E53-95BC-41A68798E93B}
		{2DE3FB80-131C-4B2A-9966-78C40DDC4229} = {DC5EA735-121F-4E53-95BC-41A68798E93B}
		{91B62D11-02C6-4614-97C2-8802935851A1} = {D110B0B0-A01D-418B-A806-04E54B352796}
		{0F66029D-0DB5-4533-A9A0-9139F9BCF7B5} = {D110B0B0-A01D-418B-A806-04E54B352796}
		{F3E4D908-3A44-41A7-ADB5-51668784CB87} = {D110B0B0-A01D-418B-A806-04E54B352796}
		{90B8AC9E-A172-4C17-93E5-DAAFD1773D19} = {D2B8ED61-844B-46FE-B7AE-415AC2F774D2}
		{53E66C52-2FE7-4185-8625-CE0C41DE6F2C} = {D2B8ED61-844B-46FE-B7AE-415AC2F774D2}
		{BC7093A1-5ABF-4C5C-B527-2B0B2E70B21C} = {D110B0B0-A01D-418B-A806-04E54B352796}
		{AE8F9328-9C25-4BD4-8E9F-6009A95D9BE1} = {D110B0B0-A01D-418B-A806-04E54B352796}
		{B34119E2-DAF4-44C8-8C43-07B991F68B4E} = {D110B0B0-A01D-418B-A806-04E54B352796}
		{F0E7D81C-485E-448C-8EDA-B6BA639E9B2D} = {D110B0B0-A01D-418B-A806-04E54B352796}
		{524E23E8-1FEF-4863-BD12-861820ECCABD} = {0D8E5BFC-92B5-48C0-92A4-D910689D1653}
		{19D152AA-DDC8-46DF-838C-27AF79A428CB} = {DB3C3FD6-4108-4F10-B57B-04177F1734DD}
		{233B8E19-E0C5-4D3D-80F6-B4F52F75DE59} = {DB3C3FD6-4108-4F10-B57B-04177F1734DD}
		{1DD9AD8C-E9E3-43B8-AA35-48AB813C4F03} = {DB849CA7-B94E-4F46-97F2-F86B35F25353}
	EndGlobalSection
	GlobalSection(ExtensibilityGlobals) = postSolution
		SolutionGuid = {9C103615-2B4C-4283-9520-8F74C96DC454}
	EndGlobalSection
EndGlobal
